// !$*UTF8*$!
{
	archiveVersion = 1;
	classes = {
	};
	objectVersion = 50;
	objects = {

/* Begin PBXBuildFile section */
		4C9F05F224A0F42500E529D1 /* CELineType.swift in Sources */ = {isa = PBXBuildFile; fileRef = 4C9F05F124A0F42500E529D1 /* CELineType.swift */; };
		4C9F05F424A162DD00E529D1 /* CELightP.swift in Sources */ = {isa = PBXBuildFile; fileRef = 4C9F05F324A162DD00E529D1 /* CELightP.swift */; };
		4C9F05F624A166C000E529D1 /* CEPolyObj.swift in Sources */ = {isa = PBXBuildFile; fileRef = 4C9F05F524A166C000E529D1 /* CEPolyObj.swift */; };
		4CE6963824A00B70008CDD0F /* APLAppDelegate.swift in Sources */ = {isa = PBXBuildFile; fileRef = 4CE6963724A00B70008CDD0F /* APLAppDelegate.swift */; };
		4CE6963A24A00B70008CDD0F /* APLViewController.swift in Sources */ = {isa = PBXBuildFile; fileRef = 4CE6963924A00B70008CDD0F /* APLViewController.swift */; };
		4CE6963C24A00B71008CDD0F /* Assets.xcassets in Resources */ = {isa = PBXBuildFile; fileRef = 4CE6963B24A00B71008CDD0F /* Assets.xcassets */; };
		4CE6963F24A00B71008CDD0F /* Main.storyboard in Resources */ = {isa = PBXBuildFile; fileRef = 4CE6963D24A00B71008CDD0F /* Main.storyboard */; };
		4CE6964824A00D1C008CDD0F /* MTLRenderer.swift in Sources */ = {isa = PBXBuildFile; fileRef = 4CE6964724A00D1C008CDD0F /* MTLRenderer.swift */; };
		4CE6964A24A012DC008CDD0F /* CEPoint3d.swift in Sources */ = {isa = PBXBuildFile; fileRef = 4CE6964924A012DC008CDD0F /* CEPoint3d.swift */; };
		4CE6964E24A03109008CDD0F /* CEVector3d.swift in Sources */ = {isa = PBXBuildFile; fileRef = 4CE6964D24A03109008CDD0F /* CEVector3d.swift */; };
		4CE6965024A031C1008CDD0F /* CEPoint2d.swift in Sources */ = {isa = PBXBuildFile; fileRef = 4CE6964F24A031C1008CDD0F /* CEPoint2d.swift */; };
		4CE6965224A03582008CDD0F /* CEPanel3d.swift in Sources */ = {isa = PBXBuildFile; fileRef = 4CE6965124A03582008CDD0F /* CEPanel3d.swift */; };
		4CE6965424A051F5008CDD0F /* CE3DClass.swift in Sources */ = {isa = PBXBuildFile; fileRef = 4CE6965324A051F5008CDD0F /* CE3DClass.swift */; };
		4CE6965624A06BE0008CDD0F /* CEMatrix3d.swift in Sources */ = {isa = PBXBuildFile; fileRef = 4CE6965524A06BE0008CDD0F /* CEMatrix3d.swift */; };
		4CE6965824A07228008CDD0F /* MTLShaders.metal in Sources */ = {isa = PBXBuildFile; fileRef = 4CE6965724A07228008CDD0F /* MTLShaders.metal */; };
/* End PBXBuildFile section */

/* Begin PBXFileReference section */
		4C9F05F124A0F42500E529D1 /* CELineType.swift */ = {isa = PBXFileReference; lastKnownFileType = sourcecode.swift; path = CELineType.swift; sourceTree = "<group>"; };
		4C9F05F324A162DD00E529D1 /* CELightP.swift */ = {isa = PBXFileReference; lastKnownFileType = sourcecode.swift; path = CELightP.swift; sourceTree = "<group>"; };
		4C9F05F524A166C000E529D1 /* CEPolyObj.swift */ = {isa = PBXFileReference; lastKnownFileType = sourcecode.swift; path = CEPolyObj.swift; sourceTree = "<group>"; };
		4CE6963424A00B70008CDD0F /* CuttingEdge.app */ = {isa = PBXFileReference; explicitFileType = wrapper.application; includeInIndex = 0; path = CuttingEdge.app; sourceTree = BUILT_PRODUCTS_DIR; };
		4CE6963724A00B70008CDD0F /* APLAppDelegate.swift */ = {isa = PBXFileReference; lastKnownFileType = sourcecode.swift; path = APLAppDelegate.swift; sourceTree = "<group>"; };
		4CE6963924A00B70008CDD0F /* APLViewController.swift */ = {isa = PBXFileReference; lastKnownFileType = sourcecode.swift; path = APLViewController.swift; sourceTree = "<group>"; };
		4CE6963B24A00B71008CDD0F /* Assets.xcassets */ = {isa = PBXFileReference; lastKnownFileType = folder.assetcatalog; path = Assets.xcassets; sourceTree = "<group>"; };
		4CE6963E24A00B71008CDD0F /* Base */ = {isa = PBXFileReference; lastKnownFileType = file.storyboard; name = Base; path = Base.lproj/Main.storyboard; sourceTree = "<group>"; };
		4CE6964024A00B71008CDD0F /* Info.plist */ = {isa = PBXFileReference; lastKnownFileType = text.plist.xml; path = Info.plist; sourceTree = "<group>"; };
		4CE6964124A00B71008CDD0F /* CuttingEdge.entitlements */ = {isa = PBXFileReference; lastKnownFileType = text.plist.entitlements; path = CuttingEdge.entitlements; sourceTree = "<group>"; };
		4CE6964724A00D1C008CDD0F /* MTLRenderer.swift */ = {isa = PBXFileReference; lastKnownFileType = sourcecode.swift; path = MTLRenderer.swift; sourceTree = "<group>"; };
		4CE6964924A012DC008CDD0F /* CEPoint3d.swift */ = {isa = PBXFileReference; lastKnownFileType = sourcecode.swift; path = CEPoint3d.swift; sourceTree = "<group>"; };
		4CE6964D24A03109008CDD0F /* CEVector3d.swift */ = {isa = PBXFileReference; lastKnownFileType = sourcecode.swift; path = CEVector3d.swift; sourceTree = "<group>"; };
		4CE6964F24A031C1008CDD0F /* CEPoint2d.swift */ = {isa = PBXFileReference; lastKnownFileType = sourcecode.swift; path = CEPoint2d.swift; sourceTree = "<group>"; };
		4CE6965124A03582008CDD0F /* CEPanel3d.swift */ = {isa = PBXFileReference; lastKnownFileType = sourcecode.swift; path = CEPanel3d.swift; sourceTree = "<group>"; };
		4CE6965324A051F5008CDD0F /* CE3DClass.swift */ = {isa = PBXFileReference; lastKnownFileType = sourcecode.swift; path = CE3DClass.swift; sourceTree = "<group>"; };
		4CE6965524A06BE0008CDD0F /* CEMatrix3d.swift */ = {isa = PBXFileReference; lastKnownFileType = sourcecode.swift; path = CEMatrix3d.swift; sourceTree = "<group>"; };
		4CE6965724A07228008CDD0F /* MTLShaders.metal */ = {isa = PBXFileReference; lastKnownFileType = sourcecode.metal; path = MTLShaders.metal; sourceTree = "<group>"; };
/* End PBXFileReference section */

/* Begin PBXFrameworksBuildPhase section */
		4CE6963124A00B70008CDD0F /* Frameworks */ = {
			isa = PBXFrameworksBuildPhase;
			buildActionMask = 2147483647;
			files = (
			);
			runOnlyForDeploymentPostprocessing = 0;
		};
/* End PBXFrameworksBuildPhase section */

/* Begin PBXGroup section */
		4CE6962B24A00B70008CDD0F = {
			isa = PBXGroup;
			children = (
				4CE6963624A00B70008CDD0F /* CuttingEdge */,
				4CE6963524A00B70008CDD0F /* Products */,
			);
			sourceTree = "<group>";
		};
		4CE6963524A00B70008CDD0F /* Products */ = {
			isa = PBXGroup;
			children = (
				4CE6963424A00B70008CDD0F /* CuttingEdge.app */,
			);
			name = Products;
			sourceTree = "<group>";
		};
		4CE6963624A00B70008CDD0F /* CuttingEdge */ = {
			isa = PBXGroup;
			children = (
				4CE6963724A00B70008CDD0F /* APLAppDelegate.swift */,
				4CE6963924A00B70008CDD0F /* APLViewController.swift */,
				4CE6964724A00D1C008CDD0F /* MTLRenderer.swift */,
				4CE6965724A07228008CDD0F /* MTLShaders.metal */,
				4CE6965324A051F5008CDD0F /* CE3DClass.swift */,
				4C9F05F324A162DD00E529D1 /* CELightP.swift */,
				4C9F05F124A0F42500E529D1 /* CELineType.swift */,
				4CE6965524A06BE0008CDD0F /* CEMatrix3d.swift */,
				4CE6965124A03582008CDD0F /* CEPanel3d.swift */,
				4CE6964F24A031C1008CDD0F /* CEPoint2d.swift */,
				4CE6964924A012DC008CDD0F /* CEPoint3d.swift */,
				4C9F05F524A166C000E529D1 /* CEPolyObj.swift */,
				4CE6964D24A03109008CDD0F /* CEVector3d.swift */,
				4CE6963B24A00B71008CDD0F /* Assets.xcassets */,
				4CE6963D24A00B71008CDD0F /* Main.storyboard */,
				4CE6964024A00B71008CDD0F /* Info.plist */,
				4CE6964124A00B71008CDD0F /* CuttingEdge.entitlements */,
			);
			path = CuttingEdge;
			sourceTree = "<group>";
		};
/* End PBXGroup section */

/* Begin PBXNativeTarget section */
		4CE6963324A00B70008CDD0F /* CuttingEdge */ = {
			isa = PBXNativeTarget;
			buildConfigurationList = 4CE6964424A00B71008CDD0F /* Build configuration list for PBXNativeTarget "CuttingEdge" */;
			buildPhases = (
				4CE6963024A00B70008CDD0F /* Sources */,
				4CE6963124A00B70008CDD0F /* Frameworks */,
				4CE6963224A00B70008CDD0F /* Resources */,
			);
			buildRules = (
			);
			dependencies = (
			);
			name = CuttingEdge;
			productName = CuttingEdge;
			productReference = 4CE6963424A00B70008CDD0F /* CuttingEdge.app */;
			productType = "com.apple.product-type.application";
		};
/* End PBXNativeTarget section */

/* Begin PBXProject section */
		4CE6962C24A00B70008CDD0F /* Project object */ = {
			isa = PBXProject;
			attributes = {
				LastSwiftUpdateCheck = 1150;
				LastUpgradeCheck = 1150;
				ORGANIZATIONNAME = brogrammer;
				TargetAttributes = {
					4CE6963324A00B70008CDD0F = {
						CreatedOnToolsVersion = 11.5;
					};
				};
			};
			buildConfigurationList = 4CE6962F24A00B70008CDD0F /* Build configuration list for PBXProject "CuttingEdge" */;
			compatibilityVersion = "Xcode 9.3";
			developmentRegion = en;
			hasScannedForEncodings = 0;
			knownRegions = (
				en,
				Base,
			);
			mainGroup = 4CE6962B24A00B70008CDD0F;
			productRefGroup = 4CE6963524A00B70008CDD0F /* Products */;
			projectDirPath = "";
			projectRoot = "";
			targets = (
				4CE6963324A00B70008CDD0F /* CuttingEdge */,
			);
		};
/* End PBXProject section */

/* Begin PBXResourcesBuildPhase section */
		4CE6963224A00B70008CDD0F /* Resources */ = {
			isa = PBXResourcesBuildPhase;
			buildActionMask = 2147483647;
			files = (
				4CE6963C24A00B71008CDD0F /* Assets.xcassets in Resources */,
				4CE6963F24A00B71008CDD0F /* Main.storyboard in Resources */,
			);
			runOnlyForDeploymentPostprocessing = 0;
		};
/* End PBXResourcesBuildPhase section */

/* Begin PBXSourcesBuildPhase section */
		4CE6963024A00B70008CDD0F /* Sources */ = {
			isa = PBXSourcesBuildPhase;
			buildActionMask = 2147483647;
			files = (
				4CE6963A24A00B70008CDD0F /* APLViewController.swift in Sources */,
				4CE6965224A03582008CDD0F /* CEPanel3d.swift in Sources */,
				4CE6964824A00D1C008CDD0F /* MTLRenderer.swift in Sources */,
				4C9F05F424A162DD00E529D1 /* CELightP.swift in Sources */,
				4CE6963824A00B70008CDD0F /* APLAppDelegate.swift in Sources */,
				4CE6965824A07228008CDD0F /* MTLShaders.metal in Sources */,
				4CE6964E24A03109008CDD0F /* CEVector3d.swift in Sources */,
				4C9F05F224A0F42500E529D1 /* CELineType.swift in Sources */,
				4CE6965424A051F5008CDD0F /* CE3DClass.swift in Sources */,
				4CE6965024A031C1008CDD0F /* CEPoint2d.swift in Sources */,
				4C9F05F624A166C000E529D1 /* CEPolyObj.swift in Sources */,
				4CE6964A24A012DC008CDD0F /* CEPoint3d.swift in Sources */,
				4CE6965624A06BE0008CDD0F /* CEMatrix3d.swift in Sources */,
			);
			runOnlyForDeploymentPostprocessing = 0;
		};
/* End PBXSourcesBuildPhase section */

/* Begin PBXVariantGroup section */
		4CE6963D24A00B71008CDD0F /* Main.storyboard */ = {
			isa = PBXVariantGroup;
			children = (
				4CE6963E24A00B71008CDD0F /* Base */,
			);
			name = Main.storyboard;
			sourceTree = "<group>";
		};
/* End PBXVariantGroup section */

/* Begin XCBuildConfiguration section */
		4CE6964224A00B71008CDD0F /* Debug */ = {
			isa = XCBuildConfiguration;
			buildSettings = {
				ALWAYS_SEARCH_USER_PATHS = NO;
				CLANG_ANALYZER_NONNULL = YES;
				CLANG_ANALYZER_NUMBER_OBJECT_CONVERSION = YES_AGGRESSIVE;
				CLANG_CXX_LANGUAGE_STANDARD = "gnu++14";
				CLANG_CXX_LIBRARY = "libc++";
				CLANG_ENABLE_MODULES = YES;
				CLANG_ENABLE_OBJC_ARC = YES;
				CLANG_ENABLE_OBJC_WEAK = YES;
				CLANG_WARN_BLOCK_CAPTURE_AUTORELEASING = YES;
				CLANG_WARN_BOOL_CONVERSION = YES;
				CLANG_WARN_COMMA = YES;
				CLANG_WARN_CONSTANT_CONVERSION = YES;
				CLANG_WARN_DEPRECATED_OBJC_IMPLEMENTATIONS = YES;
				CLANG_WARN_DIRECT_OBJC_ISA_USAGE = YES_ERROR;
				CLANG_WARN_DOCUMENTATION_COMMENTS = YES;
				CLANG_WARN_EMPTY_BODY = YES;
				CLANG_WARN_ENUM_CONVERSION = YES;
				CLANG_WARN_INFINITE_RECURSION = YES;
				CLANG_WARN_INT_CONVERSION = YES;
				CLANG_WARN_NON_LITERAL_NULL_CONVERSION = YES;
				CLANG_WARN_OBJC_IMPLICIT_RETAIN_SELF = YES;
				CLANG_WARN_OBJC_LITERAL_CONVERSION = YES;
				CLANG_WARN_OBJC_ROOT_CLASS = YES_ERROR;
				CLANG_WARN_RANGE_LOOP_ANALYSIS = YES;
				CLANG_WARN_STRICT_PROTOTYPES = YES;
				CLANG_WARN_SUSPICIOUS_MOVE = YES;
				CLANG_WARN_UNGUARDED_AVAILABILITY = YES_AGGRESSIVE;
				CLANG_WARN_UNREACHABLE_CODE = YES;
				CLANG_WARN__DUPLICATE_METHOD_MATCH = YES;
				COPY_PHASE_STRIP = NO;
				DEBUG_INFORMATION_FORMAT = dwarf;
				ENABLE_STRICT_OBJC_MSGSEND = YES;
				ENABLE_TESTABILITY = YES;
				GCC_C_LANGUAGE_STANDARD = gnu11;
				GCC_DYNAMIC_NO_PIC = NO;
				GCC_NO_COMMON_BLOCKS = YES;
				GCC_OPTIMIZATION_LEVEL = 0;
				GCC_PREPROCESSOR_DEFINITIONS = (
					"DEBUG=1",
					"$(inherited)",
				);
				GCC_WARN_64_TO_32_BIT_CONVERSION = YES;
				GCC_WARN_ABOUT_RETURN_TYPE = YES_ERROR;
				GCC_WARN_UNDECLARED_SELECTOR = YES;
				GCC_WARN_UNINITIALIZED_AUTOS = YES_AGGRESSIVE;
				GCC_WARN_UNUSED_FUNCTION = YES;
				GCC_WARN_UNUSED_VARIABLE = YES;
				MACOSX_DEPLOYMENT_TARGET = 10.15;
				MTL_ENABLE_DEBUG_INFO = INCLUDE_SOURCE;
				MTL_FAST_MATH = YES;
				ONLY_ACTIVE_ARCH = YES;
				SDKROOT = macosx;
				SWIFT_ACTIVE_COMPILATION_CONDITIONS = DEBUG;
				SWIFT_OPTIMIZATION_LEVEL = "-Onone";
			};
			name = Debug;
		};
		4CE6964324A00B71008CDD0F /* Release */ = {
			isa = XCBuildConfiguration;
			buildSettings = {
				ALWAYS_SEARCH_USER_PATHS = NO;
				CLANG_ANALYZER_NONNULL = YES;
				CLANG_ANALYZER_NUMBER_OBJECT_CONVERSION = YES_AGGRESSIVE;
				CLANG_CXX_LANGUAGE_STANDARD = "gnu++14";
				CLANG_CXX_LIBRARY = "libc++";
				CLANG_ENABLE_MODULES = YES;
				CLANG_ENABLE_OBJC_ARC = YES;
				CLANG_ENABLE_OBJC_WEAK = YES;
				CLANG_WARN_BLOCK_CAPTURE_AUTORELEASING = YES;
				CLANG_WARN_BOOL_CONVERSION = YES;
				CLANG_WARN_COMMA = YES;
				CLANG_WARN_CONSTANT_CONVERSION = YES;
				CLANG_WARN_DEPRECATED_OBJC_IMPLEMENTATIONS = YES;
				CLANG_WARN_DIRECT_OBJC_ISA_USAGE = YES_ERROR;
				CLANG_WARN_DOCUMENTATION_COMMENTS = YES;
				CLANG_WARN_EMPTY_BODY = YES;
				CLANG_WARN_ENUM_CONVERSION = YES;
				CLANG_WARN_INFINITE_RECURSION = YES;
				CLANG_WARN_INT_CONVERSION = YES;
				CLANG_WARN_NON_LITERAL_NULL_CONVERSION = YES;
				CLANG_WARN_OBJC_IMPLICIT_RETAIN_SELF = YES;
				CLANG_WARN_OBJC_LITERAL_CONVERSION = YES;
				CLANG_WARN_OBJC_ROOT_CLASS = YES_ERROR;
				CLANG_WARN_RANGE_LOOP_ANALYSIS = YES;
				CLANG_WARN_STRICT_PROTOTYPES = YES;
				CLANG_WARN_SUSPICIOUS_MOVE = YES;
				CLANG_WARN_UNGUARDED_AVAILABILITY = YES_AGGRESSIVE;
				CLANG_WARN_UNREACHABLE_CODE = YES;
				CLANG_WARN__DUPLICATE_METHOD_MATCH = YES;
				COPY_PHASE_STRIP = NO;
				DEBUG_INFORMATION_FORMAT = "dwarf-with-dsym";
				ENABLE_NS_ASSERTIONS = NO;
				ENABLE_STRICT_OBJC_MSGSEND = YES;
				GCC_C_LANGUAGE_STANDARD = gnu11;
				GCC_NO_COMMON_BLOCKS = YES;
				GCC_WARN_64_TO_32_BIT_CONVERSION = YES;
				GCC_WARN_ABOUT_RETURN_TYPE = YES_ERROR;
				GCC_WARN_UNDECLARED_SELECTOR = YES;
				GCC_WARN_UNINITIALIZED_AUTOS = YES_AGGRESSIVE;
				GCC_WARN_UNUSED_FUNCTION = YES;
				GCC_WARN_UNUSED_VARIABLE = YES;
				MACOSX_DEPLOYMENT_TARGET = 10.15;
				MTL_ENABLE_DEBUG_INFO = NO;
				MTL_FAST_MATH = YES;
				SDKROOT = macosx;
				SWIFT_COMPILATION_MODE = wholemodule;
				SWIFT_OPTIMIZATION_LEVEL = "-O";
			};
			name = Release;
		};
		4CE6964524A00B71008CDD0F /* Debug */ = {
			isa = XCBuildConfiguration;
			buildSettings = {
				ASSETCATALOG_COMPILER_APPICON_NAME = AppIcon;
				CODE_SIGN_ENTITLEMENTS = CuttingEdge/CuttingEdge.entitlements;
				CODE_SIGN_STYLE = Automatic;
				COMBINE_HIDPI_IMAGES = YES;
				DEVELOPMENT_TEAM = WASF45HU8W;
				ENABLE_HARDENED_RUNTIME = YES;
				INFOPLIST_FILE = CuttingEdge/Info.plist;
				LD_RUNPATH_SEARCH_PATHS = (
					"$(inherited)",
					"@executable_path/../Frameworks",
				);
				PRODUCT_BUNDLE_IDENTIFIER = Sam21.CuttingEdge;
				PRODUCT_NAME = "$(TARGET_NAME)";
				SWIFT_VERSION = 5.0;
			};
			name = Debug;
		};
		4CE6964624A00B71008CDD0F /* Release */ = {
			isa = XCBuildConfiguration;
			buildSettings = {
				ASSETCATALOG_COMPILER_APPICON_NAME = AppIcon;
				CODE_SIGN_ENTITLEMENTS = CuttingEdge/CuttingEdge.entitlements;
				CODE_SIGN_STYLE = Automatic;
				COMBINE_HIDPI_IMAGES = YES;
				DEVELOPMENT_TEAM = WASF45HU8W;
				ENABLE_HARDENED_RUNTIME = YES;
				INFOPLIST_FILE = CuttingEdge/Info.plist;
				LD_RUNPATH_SEARCH_PATHS = (
					"$(inherited)",
					"@executable_path/../Frameworks",
				);
				PRODUCT_BUNDLE_IDENTIFIER = Sam21.CuttingEdge;
				PRODUCT_NAME = "$(TARGET_NAME)";
				SWIFT_VERSION = 5.0;
			};
			name = Release;
		};
/* End XCBuildConfiguration section */

/* Begin XCConfigurationList section */
		4CE6962F24A00B70008CDD0F /* Build configuration list for PBXProject "CuttingEdge" */ = {
			isa = XCConfigurationList;
			buildConfigurations = (
				4CE6964224A00B71008CDD0F /* Debug */,
				4CE6964324A00B71008CDD0F /* Release */,
			);
			defaultConfigurationIsVisible = 0;
			defaultConfigurationName = Release;
		};
		4CE6964424A00B71008CDD0F /* Build configuration list for PBXNativeTarget "CuttingEdge" */ = {
			isa = XCConfigurationList;
			buildConfigurations = (
				4CE6964524A00B71008CDD0F /* Debug */,
				4CE6964624A00B71008CDD0F /* Release */,
			);
			defaultConfigurationIsVisible = 0;
			defaultConfigurationName = Release;
		};
/* End XCConfigurationList section */
	};
	rootObject = 4CE6962C24A00B70008CDD0F /* Project object */;
}
